
Microsoft Visual Studio Solution File, Format Version 12.00
# Visual Studio Version 18
VisualStudioVersion = 18.0.11109.219
MinimumVisualStudioVersion = 10.0.40219.1
Project("{FAE04EC0-301F-11D3-BF4B-00C04F79EFBC}") = "Host", "src\Vertical Slice\Host\Host.csproj", "{67F04D5C-D894-83A3-6F30-3156A8536E5E}"
EndProject
Project("{FAE04EC0-301F-11D3-BF4B-00C04F79EFBC}") = "Billing.Application", "src\Vertical Slice\Modules\Billing\Billing.Application\Billing.Application.csproj", "{F66F95DC-35B7-F8B7-524A-4A7901B7D335}"
EndProject
Project("{FAE04EC0-301F-11D3-BF4B-00C04F79EFBC}") = "Billing.Domain", "src\Vertical Slice\Modules\Billing\Billing.Domain\Billing.Domain.csproj", "{CF328E94-B55F-8E0B-C1A6-E878A192F9DA}"
EndProject
Project("{FAE04EC0-301F-11D3-BF4B-00C04F79EFBC}") = "Catalog.Application", "src\Vertical Slice\Modules\Catalog\Catalog.Application\Catalog.Application.csproj", "{258BD413-4506-AABE-B094-2BADD74FF5E3}"
EndProject
Project("{FAE04EC0-301F-11D3-BF4B-00C04F79EFBC}") = "Catalog.Domain", "src\Vertical Slice\Modules\Catalog\Catalog.Domain\Catalog.Domain.csproj", "{D2EBEC89-3E87-2B09-C235-47ADAD31F908}"
EndProject
Project("{2150E333-8FDC-42A3-9474-1A3956D46DE8}") = "Modules", "Modules", "{540DE7BB-F7E2-48C5-9AE8-AAEFEE4F9D01}"
EndProject
Project("{2150E333-8FDC-42A3-9474-1A3956D46DE8}") = "Catalog", "Catalog", "{9CB2AFE6-71C0-4DE2-A03A-067159737AC1}"
EndProject
Project("{2150E333-8FDC-42A3-9474-1A3956D46DE8}") = "Billing", "Billing", "{EFE54F79-75A1-43F0-95F2-57446F193337}"
EndProject
Project("{2150E333-8FDC-42A3-9474-1A3956D46DE8}") = "1-Vertical Slice", "1-Vertical Slice", "{912EC2B3-F995-420F-9C7E-5207B9738D8D}"
EndProject
Project("{2150E333-8FDC-42A3-9474-1A3956D46DE8}") = "2-Presentation Layer", "2-Presentation Layer", "{D152E56D-D296-4CB6-8FDE-0B43AAD65C3D}"
EndProject
Project("{FAE04EC0-301F-11D3-BF4B-00C04F79EFBC}") = "Host", "src\Presentation Layer\Host\Host.csproj", "{A8EC7F90-DF36-4F7C-A614-98D2E787E2C4}"
EndProject
Project("{2150E333-8FDC-42A3-9474-1A3956D46DE8}") = "Modules", "Modules", "{A1518D22-778F-491A-AF7B-8FB5764DD47F}"
EndProject
Project("{FAE04EC0-301F-11D3-BF4B-00C04F79EFBC}") = "Billing.Application", "src\Presentation Layer\Modules\Billing.Application\Billing.Application.csproj", "{4522577B-2325-4ADF-BBA9-CDF9FA5830F8}"
EndProject
Project("{FAE04EC0-301F-11D3-BF4B-00C04F79EFBC}") = "Billing.Domain", "src\Presentation Layer\Modules\Billing.Domain\Billing.Domain.csproj", "{A5EE4370-2157-4C39-9D5A-8241FA2641D4}"
EndProject
Project("{2150E333-8FDC-42A3-9474-1A3956D46DE8}") = "Billing", "Billing", "{B913A796-C796-4E76-9A33-59DBEF3D0697}"
EndProject
Project("{2150E333-8FDC-42A3-9474-1A3956D46DE8}") = "Catalog", "Catalog", "{AE7179A8-DF5F-4F33-8360-84545AEAF80B}"
EndProject
Project("{FAE04EC0-301F-11D3-BF4B-00C04F79EFBC}") = "Catalog.Application", "src\Presentation Layer\Modules\Catalog.Application\Catalog.Application.csproj", "{12EFA290-685E-48A1-A475-6C1E9536B858}"
EndProject
Project("{FAE04EC0-301F-11D3-BF4B-00C04F79EFBC}") = "Catalog.Domain", "src\Presentation Layer\Modules\Catalog.Domain\Catalog.Domain.csproj", "{54D99C7C-E966-4BB1-A5DD-0A9F4D7220AA}"
EndProject
Global
	GlobalSection(SolutionConfigurationPlatforms) = preSolution
		Debug|Any CPU = Debug|Any CPU
		Release|Any CPU = Release|Any CPU
	EndGlobalSection
	GlobalSection(ProjectConfigurationPlatforms) = postSolution
		{67F04D5C-D894-83A3-6F30-3156A8536E5E}.Debug|Any CPU.ActiveCfg = Debug|Any CPU
		{67F04D5C-D894-83A3-6F30-3156A8536E5E}.Debug|Any CPU.Build.0 = Debug|Any CPU
		{67F04D5C-D894-83A3-6F30-3156A8536E5E}.Release|Any CPU.ActiveCfg = Release|Any CPU
		{67F04D5C-D894-83A3-6F30-3156A8536E5E}.Release|Any CPU.Build.0 = Release|Any CPU
		{F66F95DC-35B7-F8B7-524A-4A7901B7D335}.Debug|Any CPU.ActiveCfg = Debug|Any CPU
		{F66F95DC-35B7-F8B7-524A-4A7901B7D335}.Debug|Any CPU.Build.0 = Debug|Any CPU
		{F66F95DC-35B7-F8B7-524A-4A7901B7D335}.Release|Any CPU.ActiveCfg = Release|Any CPU
		{F66F95DC-35B7-F8B7-524A-4A7901B7D335}.Release|Any CPU.Build.0 = Release|Any CPU
		{CF328E94-B55F-8E0B-C1A6-E878A192F9DA}.Debug|Any CPU.ActiveCfg = Debug|Any CPU
		{CF328E94-B55F-8E0B-C1A6-E878A192F9DA}.Debug|Any CPU.Build.0 = Debug|Any CPU
		{CF328E94-B55F-8E0B-C1A6-E878A192F9DA}.Release|Any CPU.ActiveCfg = Release|Any CPU
		{CF328E94-B55F-8E0B-C1A6-E878A192F9DA}.Release|Any CPU.Build.0 = Release|Any CPU
		{258BD413-4506-AABE-B094-2BADD74FF5E3}.Debug|Any CPU.ActiveCfg = Debug|Any CPU
		{258BD413-4506-AABE-B094-2BADD74FF5E3}.Debug|Any CPU.Build.0 = Debug|Any CPU
		{258BD413-4506-AABE-B094-2BADD74FF5E3}.Release|Any CPU.ActiveCfg = Release|Any CPU
		{258BD413-4506-AABE-B094-2BADD74FF5E3}.Release|Any CPU.Build.0 = Release|Any CPU
		{D2EBEC89-3E87-2B09-C235-47ADAD31F908}.Debug|Any CPU.ActiveCfg = Debug|Any CPU
		{D2EBEC89-3E87-2B09-C235-47ADAD31F908}.Debug|Any CPU.Build.0 = Debug|Any CPU
		{D2EBEC89-3E87-2B09-C235-47ADAD31F908}.Release|Any CPU.ActiveCfg = Release|Any CPU
		{D2EBEC89-3E87-2B09-C235-47ADAD31F908}.Release|Any CPU.Build.0 = Release|Any CPU
		{A8EC7F90-DF36-4F7C-A614-98D2E787E2C4}.Debug|Any CPU.ActiveCfg = Debug|Any CPU
		{A8EC7F90-DF36-4F7C-A614-98D2E787E2C4}.Debug|Any CPU.Build.0 = Debug|Any CPU
		{A8EC7F90-DF36-4F7C-A614-98D2E787E2C4}.Release|Any CPU.ActiveCfg = Release|Any CPU
		{A8EC7F90-DF36-4F7C-A614-98D2E787E2C4}.Release|Any CPU.Build.0 = Release|Any CPU
		{4522577B-2325-4ADF-BBA9-CDF9FA5830F8}.Debug|Any CPU.ActiveCfg = Debug|Any CPU
		{4522577B-2325-4ADF-BBA9-CDF9FA5830F8}.Debug|Any CPU.Build.0 = Debug|Any CPU
		{4522577B-2325-4ADF-BBA9-CDF9FA5830F8}.Release|Any CPU.ActiveCfg = Release|Any CPU
		{4522577B-2325-4ADF-BBA9-CDF9FA5830F8}.Release|Any CPU.Build.0 = Release|Any CPU
		{A5EE4370-2157-4C39-9D5A-8241FA2641D4}.Debug|Any CPU.ActiveCfg = Debug|Any CPU
		{A5EE4370-2157-4C39-9D5A-8241FA2641D4}.Debug|Any CPU.Build.0 = Debug|Any CPU
		{A5EE4370-2157-4C39-9D5A-8241FA2641D4}.Release|Any CPU.ActiveCfg = Release|Any CPU
		{A5EE4370-2157-4C39-9D5A-8241FA2641D4}.Release|Any CPU.Build.0 = Release|Any CPU
		{12EFA290-685E-48A1-A475-6C1E9536B858}.Debug|Any CPU.ActiveCfg = Debug|Any CPU
		{12EFA290-685E-48A1-A475-6C1E9536B858}.Debug|Any CPU.Build.0 = Debug|Any CPU
		{12EFA290-685E-48A1-A475-6C1E9536B858}.Release|Any CPU.ActiveCfg = Release|Any CPU
		{12EFA290-685E-48A1-A475-6C1E9536B858}.Release|Any CPU.Build.0 = Release|Any CPU
		{54D99C7C-E966-4BB1-A5DD-0A9F4D7220AA}.Debug|Any CPU.ActiveCfg = Debug|Any CPU
		{54D99C7C-E966-4BB1-A5DD-0A9F4D7220AA}.Debug|Any CPU.Build.0 = Debug|Any CPU
		{54D99C7C-E966-4BB1-A5DD-0A9F4D7220AA}.Release|Any CPU.ActiveCfg = Release|Any CPU
		{54D99C7C-E966-4BB1-A5DD-0A9F4D7220AA}.Release|Any CPU.Build.0 = Release|Any CPU
	EndGlobalSection
	GlobalSection(SolutionProperties) = preSolution
		HideSolutionNode = FALSE
	EndGlobalSection
	GlobalSection(NestedProjects) = preSolution
		{67F04D5C-D894-83A3-6F30-3156A8536E5E} = {912EC2B3-F995-420F-9C7E-5207B9738D8D}
		{F66F95DC-35B7-F8B7-524A-4A7901B7D335} = {EFE54F79-75A1-43F0-95F2-57446F193337}
		{CF328E94-B55F-8E0B-C1A6-E878A192F9DA} = {EFE54F79-75A1-43F0-95F2-57446F193337}
		{258BD413-4506-AABE-B094-2BADD74FF5E3} = {9CB2AFE6-71C0-4DE2-A03A-067159737AC1}
		{D2EBEC89-3E87-2B09-C235-47ADAD31F908} = {9CB2AFE6-71C0-4DE2-A03A-067159737AC1}
		{540DE7BB-F7E2-48C5-9AE8-AAEFEE4F9D01} = {912EC2B3-F995-420F-9C7E-5207B9738D8D}
		{9CB2AFE6-71C0-4DE2-A03A-067159737AC1} = {540DE7BB-F7E2-48C5-9AE8-AAEFEE4F9D01}
		{EFE54F79-75A1-43F0-95F2-57446F193337} = {540DE7BB-F7E2-48C5-9AE8-AAEFEE4F9D01}
		{A8EC7F90-DF36-4F7C-A614-98D2E787E2C4} = {D152E56D-D296-4CB6-8FDE-0B43AAD65C3D}
		{A1518D22-778F-491A-AF7B-8FB5764DD47F} = {D152E56D-D296-4CB6-8FDE-0B43AAD65C3D}
		{4522577B-2325-4ADF-BBA9-CDF9FA5830F8} = {B913A796-C796-4E76-9A33-59DBEF3D0697}
		{A5EE4370-2157-4C39-9D5A-8241FA2641D4} = {B913A796-C796-4E76-9A33-59DBEF3D0697}
		{B913A796-C796-4E76-9A33-59DBEF3D0697} = {A1518D22-778F-491A-AF7B-8FB5764DD47F}
		{AE7179A8-DF5F-4F33-8360-84545AEAF80B} = {A1518D22-778F-491A-AF7B-8FB5764DD47F}
		{12EFA290-685E-48A1-A475-6C1E9536B858} = {AE7179A8-DF5F-4F33-8360-84545AEAF80B}
		{54D99C7C-E966-4BB1-A5DD-0A9F4D7220AA} = {AE7179A8-DF5F-4F33-8360-84545AEAF80B}
	EndGlobalSection
	GlobalSection(ExtensibilityGlobals) = postSolution
		SolutionGuid = {3183C4BC-F493-4029-AD47-EB0EF67FD28F}
	EndGlobalSection
EndGlobal
